
Microsoft Visual Studio Solution File, Format Version 12.00
# Visual Studio Version 17
VisualStudioVersion = 17.6.33815.320
MinimumVisualStudioVersion = 10.0.40219.1
Project("{FAE04EC0-301F-11D3-BF4B-00C04F79EFBC}") = "Layout 5 - Victorian Money Tracker.UWP", "Layout 5 - Victorian Money Tracker\Layout 5 - Victorian Money Tracker.UWP\Layout 5 - Victorian Money Tracker.UWP.csproj", "{1E875DC2-C040-4AB1-A409-E6DD1812C02F}"
EndProject
Project("{FAE04EC0-301F-11D3-BF4B-00C04F79EFBC}") = "Layout 5 - Victorian Money Tracker.iOS", "Layout 5 - Victorian Money Tracker\Layout 5 - Victorian Money Tracker.iOS\Layout 5 - Victorian Money Tracker.iOS.csproj", "{B8AB3022-1F3A-4B68-A657-1972B9349C9D}"
EndProject
Global
	GlobalSection(SolutionConfigurationPlatforms) = preSolution
		Debug|ARM = Debug|ARM
		Debug|iPhone = Debug|iPhone
		Debug|iPhoneSimulator = Debug|iPhoneSimulator
		Debug|x64 = Debug|x64
		Debug|x86 = Debug|x86
		Release|ARM = Release|ARM
		Release|iPhone = Release|iPhone
		Release|iPhoneSimulator = Release|iPhoneSimulator
		Release|x64 = Release|x64
		Release|x86 = Release|x86
	EndGlobalSection
	GlobalSection(ProjectConfigurationPlatforms) = postSolution
		{1E875DC2-C040-4AB1-A409-E6DD1812C02F}.Debug|ARM.ActiveCfg = Debug|ARM
		{1E875DC2-C040-4AB1-A409-E6DD1812C02F}.Debug|ARM.Build.0 = Debug|ARM
		{1E875DC2-C040-4AB1-A409-E6DD1812C02F}.Debug|ARM.Deploy.0 = Debug|ARM
		{1E875DC2-C040-4AB1-A409-E6DD1812C02F}.Debug|iPhone.ActiveCfg = Debug|x64
		{1E875DC2-C040-4AB1-A409-E6DD1812C02F}.Debug|iPhone.Build.0 = Debug|x64
		{1E875DC2-C040-4AB1-A409-E6DD1812C02F}.Debug|iPhone.Deploy.0 = Debug|x64
		{1E875DC2-C040-4AB1-A409-E6DD1812C02F}.Debug|iPhoneSimulator.ActiveCfg = Debug|x64
		{1E875DC2-C040-4AB1-A409-E6DD1812C02F}.Debug|iPhoneSimulator.Build.0 = Debug|x64
		{1E875DC2-C040-4AB1-A409-E6DD1812C02F}.Debug|iPhoneSimulator.Deploy.0 = Debug|x64
		{1E875DC2-C040-4AB1-A409-E6DD1812C02F}.Debug|x64.ActiveCfg = Debug|x64
		{1E875DC2-C040-4AB1-A409-E6DD1812C02F}.Debug|x64.Build.0 = Debug|x64
		{1E875DC2-C040-4AB1-A409-E6DD1812C02F}.Debug|x64.Deploy.0 = Debug|x64
		{1E875DC2-C040-4AB1-A409-E6DD1812C02F}.Debug|x86.ActiveCfg = Debug|x86
		{1E875DC2-C040-4AB1-A409-E6DD1812C02F}.Debug|x86.Build.0 = Debug|x86
		{1E875DC2-C040-4AB1-A409-E6DD1812C02F}.Debug|x86.Deploy.0 = Debug|x86
		{1E875DC2-C040-4AB1-A409-E6DD1812C02F}.Release|ARM.ActiveCfg = Release|ARM
		{1E875DC2-C040-4AB1-A409-E6DD1812C02F}.Release|ARM.Build.0 = Release|ARM
		{1E875DC2-C040-4AB1-A409-E6DD1812C02F}.Release|ARM.Deploy.0 = Release|ARM
		{1E875DC2-C040-4AB1-A409-E6DD1812C02F}.Release|iPhone.ActiveCfg = Release|x64
		{1E875DC2-C040-4AB1-A409-E6DD1812C02F}.Release|iPhone.Build.0 = Release|x64
		{1E875DC2-C040-4AB1-A409-E6DD1812C02F}.Release|iPhone.Deploy.0 = Release|x64
		{1E875DC2-C040-4AB1-A409-E6DD1812C02F}.Release|iPhoneSimulator.ActiveCfg = Release|x64
		{1E875DC2-C040-4AB1-A409-E6DD1812C02F}.Release|iPhoneSimulator.Build.0 = Release|x64
		{1E875DC2-C040-4AB1-A409-E6DD1812C02F}.Release|iPhoneSimulator.Deploy.0 = Release|x64
		{1E875DC2-C040-4AB1-A409-E6DD1812C02F}.Release|x64.ActiveCfg = Release|x64
		{1E875DC2-C040-4AB1-A409-E6DD1812C02F}.Release|x64.Build.0 = Release|x64
		{1E875DC2-C040-4AB1-A409-E6DD1812C02F}.Release|x64.Deploy.0 = Release|x64
		{1E875DC2-C040-4AB1-A409-E6DD1812C02F}.Release|x86.ActiveCfg = Release|x86
		{1E875DC2-C040-4AB1-A409-E6DD1812C02F}.Release|x86.Build.0 = Release|x86
		{1E875DC2-C040-4AB1-A409-E6DD1812C02F}.Release|x86.Deploy.0 = Release|x86
		{B8AB3022-1F3A-4B68-A657-1972B9349C9D}.Debug|ARM.ActiveCfg = Debug|iPhoneSimulator
		{B8AB3022-1F3A-4B68-A657-1972B9349C9D}.Debug|ARM.Build.0 = Debug|iPhoneSimulator
		{B8AB3022-1F3A-4B68-A657-1972B9349C9D}.Debug|iPhone.ActiveCfg = Debug|iPhone
		{B8AB3022-1F3A-4B68-A657-1972B9349C9D}.Debug|iPhone.Build.0 = Debug|iPhone
		{B8AB3022-1F3A-4B68-A657-1972B9349C9D}.Debug|iPhoneSimulator.ActiveCfg = Debug|iPhoneSimulator
		{B8AB3022-1F3A-4B68-A657-1972B9349C9D}.Debug|iPhoneSimulator.Build.0 = Debug|iPhoneSimulator
		{B8AB3022-1F3A-4B68-A657-1972B9349C9D}.Debug|x64.ActiveCfg = Debug|iPhoneSimulator
		{B8AB3022-1F3A-4B68-A657-1972B9349C9D}.Debug|x64.Build.0 = Debug|iPhoneSimulator
		{B8AB3022-1F3A-4B68-A657-1972B9349C9D}.Debug|x86.ActiveCfg = Debug|iPhoneSimulator
		{B8AB3022-1F3A-4B68-A657-1972B9349C9D}.Debug|x86.Build.0 = Debug|iPhoneSimulator
		{B8AB3022-1F3A-4B68-A657-1972B9349C9D}.Release|ARM.ActiveCfg = Release|iPhoneSimulator
		{B8AB3022-1F3A-4B68-A657-1972B9349C9D}.Release|ARM.Build.0 = Release|iPhoneSimulator
		{B8AB3022-1F3A-4B68-A657-1972B9349C9D}.Release|iPhone.ActiveCfg = Release|iPhone
		{B8AB3022-1F3A-4B68-A657-1972B9349C9D}.Release|iPhone.Build.0 = Release|iPhone
		{B8AB3022-1F3A-4B68-A657-1972B9349C9D}.Release|iPhoneSimulator.ActiveCfg = Release|iPhoneSimulator
		{B8AB3022-1F3A-4B68-A657-1972B9349C9D}.Release|iPhoneSimulator.Build.0 = Release|iPhoneSimulator
		{B8AB3022-1F3A-4B68-A657-1972B9349C9D}.Release|x64.ActiveCfg = Release|iPhoneSimulator
		{B8AB3022-1F3A-4B68-A657-1972B9349C9D}.Release|x64.Build.0 = Release|iPhoneSimulator
		{B8AB3022-1F3A-4B68-A657-1972B9349C9D}.Release|x86.ActiveCfg = Release|iPhoneSimulator
		{B8AB3022-1F3A-4B68-A657-1972B9349C9D}.Release|x86.Build.0 = Release|iPhoneSimulator
	EndGlobalSection
	GlobalSection(SolutionProperties) = preSolution
		HideSolutionNode = FALSE
	EndGlobalSection
	GlobalSection(ExtensibilityGlobals) = postSolution
		SolutionGuid = {BD460E60-838D-4299-8329-67D8F644D03B}
	EndGlobalSection
EndGlobal
