
Microsoft Visual Studio Solution File, Format Version 12.00
# Visual Studio Version 17
VisualStudioVersion = 17.6.33815.320
MinimumVisualStudioVersion = 10.0.40219.1
Project("{FAE04EC0-301F-11D3-BF4B-00C04F79EFBC}") = "Layout 1 - Prose.UWP", "Layout 1 - Prose\Layout 1 - Prose.UWP\Layout 1 - Prose.UWP.csproj", "{6DEBCDEB-3F79-4C32-9083-B5A3DE63586C}"
EndProject
Project("{FAE04EC0-301F-11D3-BF4B-00C04F79EFBC}") = "Layout 1 - Prose.Android", "Layout 1 - Prose\Layout 1 - Prose.Android\Layout 1 - Prose.Android.csproj", "{7D1B2C73-8013-4380-A388-51E38C4C29A7}"
EndProject
Project("{FAE04EC0-301F-11D3-BF4B-00C04F79EFBC}") = "Layout 1 - Prose.iOS", "Layout 1 - Prose\Layout 1 - Prose.iOS\Layout 1 - Prose.iOS.csproj", "{790CD90F-A717-4F28-BD36-32E25F9560C6}"
EndProject
Project("{FAE04EC0-301F-11D3-BF4B-00C04F79EFBC}") = "Layout 1 - Prose", "Layout 1 - Prose\Layout 1 - Prose\Layout 1 - Prose.csproj", "{E7EF7221-00A3-4826-BEA2-D0E4E621C578}"
EndProject
Global
	GlobalSection(SolutionConfigurationPlatforms) = preSolution
		Debug|Any CPU = Debug|Any CPU
		Debug|ARM = Debug|ARM
		Debug|iPhone = Debug|iPhone
		Debug|iPhoneSimulator = Debug|iPhoneSimulator
		Debug|x64 = Debug|x64
		Debug|x86 = Debug|x86
		Release|Any CPU = Release|Any CPU
		Release|ARM = Release|ARM
		Release|iPhone = Release|iPhone
		Release|iPhoneSimulator = Release|iPhoneSimulator
		Release|x64 = Release|x64
		Release|x86 = Release|x86
	EndGlobalSection
	GlobalSection(ProjectConfigurationPlatforms) = postSolution
		{6DEBCDEB-3F79-4C32-9083-B5A3DE63586C}.Debug|Any CPU.ActiveCfg = Debug|x64
		{6DEBCDEB-3F79-4C32-9083-B5A3DE63586C}.Debug|Any CPU.Build.0 = Debug|x64
		{6DEBCDEB-3F79-4C32-9083-B5A3DE63586C}.Debug|Any CPU.Deploy.0 = Debug|x64
		{6DEBCDEB-3F79-4C32-9083-B5A3DE63586C}.Debug|ARM.ActiveCfg = Debug|ARM
		{6DEBCDEB-3F79-4C32-9083-B5A3DE63586C}.Debug|ARM.Build.0 = Debug|ARM
		{6DEBCDEB-3F79-4C32-9083-B5A3DE63586C}.Debug|ARM.Deploy.0 = Debug|ARM
		{6DEBCDEB-3F79-4C32-9083-B5A3DE63586C}.Debug|iPhone.ActiveCfg = Debug|x64
		{6DEBCDEB-3F79-4C32-9083-B5A3DE63586C}.Debug|iPhone.Build.0 = Debug|x64
		{6DEBCDEB-3F79-4C32-9083-B5A3DE63586C}.Debug|iPhone.Deploy.0 = Debug|x64
		{6DEBCDEB-3F79-4C32-9083-B5A3DE63586C}.Debug|iPhoneSimulator.ActiveCfg = Debug|x64
		{6DEBCDEB-3F79-4C32-9083-B5A3DE63586C}.Debug|iPhoneSimulator.Build.0 = Debug|x64
		{6DEBCDEB-3F79-4C32-9083-B5A3DE63586C}.Debug|iPhoneSimulator.Deploy.0 = Debug|x64
		{6DEBCDEB-3F79-4C32-9083-B5A3DE63586C}.Debug|x64.ActiveCfg = Debug|x64
		{6DEBCDEB-3F79-4C32-9083-B5A3DE63586C}.Debug|x64.Build.0 = Debug|x64
		{6DEBCDEB-3F79-4C32-9083-B5A3DE63586C}.Debug|x64.Deploy.0 = Debug|x64
		{6DEBCDEB-3F79-4C32-9083-B5A3DE63586C}.Debug|x86.ActiveCfg = Debug|x86
		{6DEBCDEB-3F79-4C32-9083-B5A3DE63586C}.Debug|x86.Build.0 = Debug|x86
		{6DEBCDEB-3F79-4C32-9083-B5A3DE63586C}.Debug|x86.Deploy.0 = Debug|x86
		{6DEBCDEB-3F79-4C32-9083-B5A3DE63586C}.Release|Any CPU.ActiveCfg = Release|x64
		{6DEBCDEB-3F79-4C32-9083-B5A3DE63586C}.Release|Any CPU.Build.0 = Release|x64
		{6DEBCDEB-3F79-4C32-9083-B5A3DE63586C}.Release|Any CPU.Deploy.0 = Release|x64
		{6DEBCDEB-3F79-4C32-9083-B5A3DE63586C}.Release|ARM.ActiveCfg = Release|ARM
		{6DEBCDEB-3F79-4C32-9083-B5A3DE63586C}.Release|ARM.Build.0 = Release|ARM
		{6DEBCDEB-3F79-4C32-9083-B5A3DE63586C}.Release|ARM.Deploy.0 = Release|ARM
		{6DEBCDEB-3F79-4C32-9083-B5A3DE63586C}.Release|iPhone.ActiveCfg = Release|x64
		{6DEBCDEB-3F79-4C32-9083-B5A3DE63586C}.Release|iPhone.Build.0 = Release|x64
		{6DEBCDEB-3F79-4C32-9083-B5A3DE63586C}.Release|iPhone.Deploy.0 = Release|x64
		{6DEBCDEB-3F79-4C32-9083-B5A3DE63586C}.Release|iPhoneSimulator.ActiveCfg = Release|x64
		{6DEBCDEB-3F79-4C32-9083-B5A3DE63586C}.Release|iPhoneSimulator.Build.0 = Release|x64
		{6DEBCDEB-3F79-4C32-9083-B5A3DE63586C}.Release|iPhoneSimulator.Deploy.0 = Release|x64
		{6DEBCDEB-3F79-4C32-9083-B5A3DE63586C}.Release|x64.ActiveCfg = Release|x64
		{6DEBCDEB-3F79-4C32-9083-B5A3DE63586C}.Release|x64.Build.0 = Release|x64
		{6DEBCDEB-3F79-4C32-9083-B5A3DE63586C}.Release|x64.Deploy.0 = Release|x64
		{6DEBCDEB-3F79-4C32-9083-B5A3DE63586C}.Release|x86.ActiveCfg = Release|x86
		{6DEBCDEB-3F79-4C32-9083-B5A3DE63586C}.Release|x86.Build.0 = Release|x86
		{6DEBCDEB-3F79-4C32-9083-B5A3DE63586C}.Release|x86.Deploy.0 = Release|x86
		{7D1B2C73-8013-4380-A388-51E38C4C29A7}.Debug|Any CPU.ActiveCfg = Debug|Any CPU
		{7D1B2C73-8013-4380-A388-51E38C4C29A7}.Debug|Any CPU.Build.0 = Debug|Any CPU
		{7D1B2C73-8013-4380-A388-51E38C4C29A7}.Debug|Any CPU.Deploy.0 = Debug|Any CPU
		{7D1B2C73-8013-4380-A388-51E38C4C29A7}.Debug|ARM.ActiveCfg = Debug|Any CPU
		{7D1B2C73-8013-4380-A388-51E38C4C29A7}.Debug|ARM.Build.0 = Debug|Any CPU
		{7D1B2C73-8013-4380-A388-51E38C4C29A7}.Debug|ARM.Deploy.0 = Debug|Any CPU
		{7D1B2C73-8013-4380-A388-51E38C4C29A7}.Debug|iPhone.ActiveCfg = Debug|Any CPU
		{7D1B2C73-8013-4380-A388-51E38C4C29A7}.Debug|iPhone.Build.0 = Debug|Any CPU
		{7D1B2C73-8013-4380-A388-51E38C4C29A7}.Debug|iPhone.Deploy.0 = Debug|Any CPU
		{7D1B2C73-8013-4380-A388-51E38C4C29A7}.Debug|iPhoneSimulator.ActiveCfg = Debug|Any CPU
		{7D1B2C73-8013-4380-A388-51E38C4C29A7}.Debug|iPhoneSimulator.Build.0 = Debug|Any CPU
		{7D1B2C73-8013-4380-A388-51E38C4C29A7}.Debug|iPhoneSimulator.Deploy.0 = Debug|Any CPU
		{7D1B2C73-8013-4380-A388-51E38C4C29A7}.Debug|x64.ActiveCfg = Debug|Any CPU
		{7D1B2C73-8013-4380-A388-51E38C4C29A7}.Debug|x64.Build.0 = Debug|Any CPU
		{7D1B2C73-8013-4380-A388-51E38C4C29A7}.Debug|x64.Deploy.0 = Debug|Any CPU
		{7D1B2C73-8013-4380-A388-51E38C4C29A7}.Debug|x86.ActiveCfg = Debug|Any CPU
		{7D1B2C73-8013-4380-A388-51E38C4C29A7}.Debug|x86.Build.0 = Debug|Any CPU
		{7D1B2C73-8013-4380-A388-51E38C4C29A7}.Debug|x86.Deploy.0 = Debug|Any CPU
		{7D1B2C73-8013-4380-A388-51E38C4C29A7}.Release|Any CPU.ActiveCfg = Release|Any CPU
		{7D1B2C73-8013-4380-A388-51E38C4C29A7}.Release|Any CPU.Build.0 = Release|Any CPU
		{7D1B2C73-8013-4380-A388-51E38C4C29A7}.Release|Any CPU.Deploy.0 = Release|Any CPU
		{7D1B2C73-8013-4380-A388-51E38C4C29A7}.Release|ARM.ActiveCfg = Release|Any CPU
		{7D1B2C73-8013-4380-A388-51E38C4C29A7}.Release|ARM.Build.0 = Release|Any CPU
		{7D1B2C73-8013-4380-A388-51E38C4C29A7}.Release|ARM.Deploy.0 = Release|Any CPU
		{7D1B2C73-8013-4380-A388-51E38C4C29A7}.Release|iPhone.ActiveCfg = Release|Any CPU
		{7D1B2C73-8013-4380-A388-51E38C4C29A7}.Release|iPhone.Build.0 = Release|Any CPU
		{7D1B2C73-8013-4380-A388-51E38C4C29A7}.Release|iPhone.Deploy.0 = Release|Any CPU
		{7D1B2C73-8013-4380-A388-51E38C4C29A7}.Release|iPhoneSimulator.ActiveCfg = Release|Any CPU
		{7D1B2C73-8013-4380-A388-51E38C4C29A7}.Release|iPhoneSimulator.Build.0 = Release|Any CPU
		{7D1B2C73-8013-4380-A388-51E38C4C29A7}.Release|iPhoneSimulator.Deploy.0 = Release|Any CPU
		{7D1B2C73-8013-4380-A388-51E38C4C29A7}.Release|x64.ActiveCfg = Release|Any CPU
		{7D1B2C73-8013-4380-A388-51E38C4C29A7}.Release|x64.Build.0 = Release|Any CPU
		{7D1B2C73-8013-4380-A388-51E38C4C29A7}.Release|x64.Deploy.0 = Release|Any CPU
		{7D1B2C73-8013-4380-A388-51E38C4C29A7}.Release|x86.ActiveCfg = Release|Any CPU
		{7D1B2C73-8013-4380-A388-51E38C4C29A7}.Release|x86.Build.0 = Release|Any CPU
		{7D1B2C73-8013-4380-A388-51E38C4C29A7}.Release|x86.Deploy.0 = Release|Any CPU
		{790CD90F-A717-4F28-BD36-32E25F9560C6}.Debug|Any CPU.ActiveCfg = Debug|iPhoneSimulator
		{790CD90F-A717-4F28-BD36-32E25F9560C6}.Debug|Any CPU.Build.0 = Debug|iPhoneSimulator
		{790CD90F-A717-4F28-BD36-32E25F9560C6}.Debug|Any CPU.Deploy.0 = Debug|iPhoneSimulator
		{790CD90F-A717-4F28-BD36-32E25F9560C6}.Debug|ARM.ActiveCfg = Debug|iPhoneSimulator
		{790CD90F-A717-4F28-BD36-32E25F9560C6}.Debug|ARM.Build.0 = Debug|iPhoneSimulator
		{790CD90F-A717-4F28-BD36-32E25F9560C6}.Debug|ARM.Deploy.0 = Debug|iPhoneSimulator
		{790CD90F-A717-4F28-BD36-32E25F9560C6}.Debug|iPhone.ActiveCfg = Debug|iPhone
		{790CD90F-A717-4F28-BD36-32E25F9560C6}.Debug|iPhone.Build.0 = Debug|iPhone
		{790CD90F-A717-4F28-BD36-32E25F9560C6}.Debug|iPhone.Deploy.0 = Debug|iPhone
		{790CD90F-A717-4F28-BD36-32E25F9560C6}.Debug|iPhoneSimulator.ActiveCfg = Debug|iPhoneSimulator
		{790CD90F-A717-4F28-BD36-32E25F9560C6}.Debug|iPhoneSimulator.Build.0 = Debug|iPhoneSimulator
		{790CD90F-A717-4F28-BD36-32E25F9560C6}.Debug|iPhoneSimulator.Deploy.0 = Debug|iPhoneSimulator
		{790CD90F-A717-4F28-BD36-32E25F9560C6}.Debug|x64.ActiveCfg = Debug|iPhone
		{790CD90F-A717-4F28-BD36-32E25F9560C6}.Debug|x64.Build.0 = Debug|iPhone
		{790CD90F-A717-4F28-BD36-32E25F9560C6}.Debug|x64.Deploy.0 = Debug|iPhone
		{790CD90F-A717-4F28-BD36-32E25F9560C6}.Debug|x86.ActiveCfg = Debug|iPhoneSimulator
		{790CD90F-A717-4F28-BD36-32E25F9560C6}.Debug|x86.Build.0 = Debug|iPhoneSimulator
		{790CD90F-A717-4F28-BD36-32E25F9560C6}.Debug|x86.Deploy.0 = Debug|iPhoneSimulator
		{790CD90F-A717-4F28-BD36-32E25F9560C6}.Release|Any CPU.ActiveCfg = Release|iPhoneSimulator
		{790CD90F-A717-4F28-BD36-32E25F9560C6}.Release|Any CPU.Build.0 = Release|iPhoneSimulator
		{790CD90F-A717-4F28-BD36-32E25F9560C6}.Release|Any CPU.Deploy.0 = Release|iPhoneSimulator
		{790CD90F-A717-4F28-BD36-32E25F9560C6}.Release|ARM.ActiveCfg = Release|iPhoneSimulator
		{790CD90F-A717-4F28-BD36-32E25F9560C6}.Release|ARM.Build.0 = Release|iPhoneSimulator
		{790CD90F-A717-4F28-BD36-32E25F9560C6}.Release|ARM.Deploy.0 = Release|iPhoneSimulator
		{790CD90F-A717-4F28-BD36-32E25F9560C6}.Release|iPhone.ActiveCfg = Release|iPhone
		{790CD90F-A717-4F28-BD36-32E25F9560C6}.Release|iPhone.Build.0 = Release|iPhone
		{790CD90F-A717-4F28-BD36-32E25F9560C6}.Release|iPhone.Deploy.0 = Release|iPhone
		{790CD90F-A717-4F28-BD36-32E25F9560C6}.Release|iPhoneSimulator.ActiveCfg = Release|iPhoneSimulator
		{790CD90F-A717-4F28-BD36-32E25F9560C6}.Release|iPhoneSimulator.Build.0 = Release|iPhoneSimulator
		{790CD90F-A717-4F28-BD36-32E25F9560C6}.Release|iPhoneSimulator.Deploy.0 = Release|iPhoneSimulator
		{790CD90F-A717-4F28-BD36-32E25F9560C6}.Release|x64.ActiveCfg = Release|iPhoneSimulator
		{790CD90F-A717-4F28-BD36-32E25F9560C6}.Release|x64.Build.0 = Release|iPhoneSimulator
		{790CD90F-A717-4F28-BD36-32E25F9560C6}.Release|x64.Deploy.0 = Release|iPhoneSimulator
		{790CD90F-A717-4F28-BD36-32E25F9560C6}.Release|x86.ActiveCfg = Release|iPhoneSimulator
		{790CD90F-A717-4F28-BD36-32E25F9560C6}.Release|x86.Build.0 = Release|iPhoneSimulator
		{790CD90F-A717-4F28-BD36-32E25F9560C6}.Release|x86.Deploy.0 = Release|iPhoneSimulator
		{E7EF7221-00A3-4826-BEA2-D0E4E621C578}.Debug|Any CPU.ActiveCfg = Debug|Any CPU
		{E7EF7221-00A3-4826-BEA2-D0E4E621C578}.Debug|Any CPU.Build.0 = Debug|Any CPU
		{E7EF7221-00A3-4826-BEA2-D0E4E621C578}.Debug|Any CPU.Deploy.0 = Debug|Any CPU
		{E7EF7221-00A3-4826-BEA2-D0E4E621C578}.Debug|ARM.ActiveCfg = Debug|Any CPU
		{E7EF7221-00A3-4826-BEA2-D0E4E621C578}.Debug|ARM.Build.0 = Debug|Any CPU
		{E7EF7221-00A3-4826-BEA2-D0E4E621C578}.Debug|ARM.Deploy.0 = Debug|Any CPU
		{E7EF7221-00A3-4826-BEA2-D0E4E621C578}.Debug|iPhone.ActiveCfg = Debug|Any CPU
		{E7EF7221-00A3-4826-BEA2-D0E4E621C578}.Debug|iPhone.Build.0 = Debug|Any CPU
		{E7EF7221-00A3-4826-BEA2-D0E4E621C578}.Debug|iPhone.Deploy.0 = Debug|Any CPU
		{E7EF7221-00A3-4826-BEA2-D0E4E621C578}.Debug|iPhoneSimulator.ActiveCfg = Debug|Any CPU
		{E7EF7221-00A3-4826-BEA2-D0E4E621C578}.Debug|iPhoneSimulator.Build.0 = Debug|Any CPU
		{E7EF7221-00A3-4826-BEA2-D0E4E621C578}.Debug|iPhoneSimulator.Deploy.0 = Debug|Any CPU
		{E7EF7221-00A3-4826-BEA2-D0E4E621C578}.Debug|x64.ActiveCfg = Debug|Any CPU
		{E7EF7221-00A3-4826-BEA2-D0E4E621C578}.Debug|x64.Build.0 = Debug|Any CPU
		{E7EF7221-00A3-4826-BEA2-D0E4E621C578}.Debug|x64.Deploy.0 = Debug|Any CPU
		{E7EF7221-00A3-4826-BEA2-D0E4E621C578}.Debug|x86.ActiveCfg = Debug|Any CPU
		{E7EF7221-00A3-4826-BEA2-D0E4E621C578}.Debug|x86.Build.0 = Debug|Any CPU
		{E7EF7221-00A3-4826-BEA2-D0E4E621C578}.Debug|x86.Deploy.0 = Debug|Any CPU
		{E7EF7221-00A3-4826-BEA2-D0E4E621C578}.Release|Any CPU.ActiveCfg = Release|Any CPU
		{E7EF7221-00A3-4826-BEA2-D0E4E621C578}.Release|Any CPU.Build.0 = Release|Any CPU
		{E7EF7221-00A3-4826-BEA2-D0E4E621C578}.Release|Any CPU.Deploy.0 = Release|Any CPU
		{E7EF7221-00A3-4826-BEA2-D0E4E621C578}.Release|ARM.ActiveCfg = Release|Any CPU
		{E7EF7221-00A3-4826-BEA2-D0E4E621C578}.Release|ARM.Build.0 = Release|Any CPU
		{E7EF7221-00A3-4826-BEA2-D0E4E621C578}.Release|ARM.Deploy.0 = Release|Any CPU
		{E7EF7221-00A3-4826-BEA2-D0E4E621C578}.Release|iPhone.ActiveCfg = Release|Any CPU
		{E7EF7221-00A3-4826-BEA2-D0E4E621C578}.Release|iPhone.Build.0 = Release|Any CPU
		{E7EF7221-00A3-4826-BEA2-D0E4E621C578}.Release|iPhone.Deploy.0 = Release|Any CPU
		{E7EF7221-00A3-4826-BEA2-D0E4E621C578}.Release|iPhoneSimulator.ActiveCfg = Release|Any CPU
		{E7EF7221-00A3-4826-BEA2-D0E4E621C578}.Release|iPhoneSimulator.Build.0 = Release|Any CPU
		{E7EF7221-00A3-4826-BEA2-D0E4E621C578}.Release|iPhoneSimulator.Deploy.0 = Release|Any CPU
		{E7EF7221-00A3-4826-BEA2-D0E4E621C578}.Release|x64.ActiveCfg = Release|Any CPU
		{E7EF7221-00A3-4826-BEA2-D0E4E621C578}.Release|x64.Build.0 = Release|Any CPU
		{E7EF7221-00A3-4826-BEA2-D0E4E621C578}.Release|x64.Deploy.0 = Release|Any CPU
		{E7EF7221-00A3-4826-BEA2-D0E4E621C578}.Release|x86.ActiveCfg = Release|Any CPU
		{E7EF7221-00A3-4826-BEA2-D0E4E621C578}.Release|x86.Build.0 = Release|Any CPU
		{E7EF7221-00A3-4826-BEA2-D0E4E621C578}.Release|x86.Deploy.0 = Release|Any CPU
	EndGlobalSection
	GlobalSection(SolutionProperties) = preSolution
		HideSolutionNode = FALSE
	EndGlobalSection
	GlobalSection(ExtensibilityGlobals) = postSolution
		SolutionGuid = {B0CFED41-6AC5-4F71-8544-63121B0EB5FD}
	EndGlobalSection
EndGlobal
