
Microsoft Visual Studio Solution File, Format Version 12.00
# Visual Studio Version 17
VisualStudioVersion = 17.6.33815.320
MinimumVisualStudioVersion = 10.0.40219.1
Project("{FAE04EC0-301F-11D3-BF4B-00C04F79EFBC}") = "Layout 2 - Details.UWP", "Layout 2 - Details\Layout 2 - Details.UWP\Layout 2 - Details.UWP.csproj", "{F068CC26-0B5F-4FCD-B383-D941AFEC9093}"
EndProject
Project("{FAE04EC0-301F-11D3-BF4B-00C04F79EFBC}") = "Layout 2 - Details.Android", "Layout 2 - Details\Layout 2 - Details.Android\Layout 2 - Details.Android.csproj", "{C4ACC412-B9BD-41B4-8415-75373AE496E0}"
EndProject
Project("{FAE04EC0-301F-11D3-BF4B-00C04F79EFBC}") = "Layout 2 - Details.iOS", "Layout 2 - Details\Layout 2 - Details.iOS\Layout 2 - Details.iOS.csproj", "{62E16B4A-029F-4716-AE40-54E89DE3BE9A}"
EndProject
Project("{FAE04EC0-301F-11D3-BF4B-00C04F79EFBC}") = "Layout 2 - Details", "Layout 2 - Details\Layout 2 - Details\Layout 2 - Details.csproj", "{194C3085-0A62-4626-B9CD-513C403CC627}"
EndProject
Global
	GlobalSection(SolutionConfigurationPlatforms) = preSolution
		Debug|Any CPU = Debug|Any CPU
		Debug|ARM = Debug|ARM
		Debug|iPhone = Debug|iPhone
		Debug|iPhoneSimulator = Debug|iPhoneSimulator
		Debug|x64 = Debug|x64
		Debug|x86 = Debug|x86
		Release|Any CPU = Release|Any CPU
		Release|ARM = Release|ARM
		Release|iPhone = Release|iPhone
		Release|iPhoneSimulator = Release|iPhoneSimulator
		Release|x64 = Release|x64
		Release|x86 = Release|x86
	EndGlobalSection
	GlobalSection(ProjectConfigurationPlatforms) = postSolution
		{F068CC26-0B5F-4FCD-B383-D941AFEC9093}.Debug|Any CPU.ActiveCfg = Debug|x64
		{F068CC26-0B5F-4FCD-B383-D941AFEC9093}.Debug|Any CPU.Build.0 = Debug|x64
		{F068CC26-0B5F-4FCD-B383-D941AFEC9093}.Debug|Any CPU.Deploy.0 = Debug|x64
		{F068CC26-0B5F-4FCD-B383-D941AFEC9093}.Debug|ARM.ActiveCfg = Debug|ARM
		{F068CC26-0B5F-4FCD-B383-D941AFEC9093}.Debug|ARM.Build.0 = Debug|ARM
		{F068CC26-0B5F-4FCD-B383-D941AFEC9093}.Debug|ARM.Deploy.0 = Debug|ARM
		{F068CC26-0B5F-4FCD-B383-D941AFEC9093}.Debug|iPhone.ActiveCfg = Debug|x64
		{F068CC26-0B5F-4FCD-B383-D941AFEC9093}.Debug|iPhone.Build.0 = Debug|x64
		{F068CC26-0B5F-4FCD-B383-D941AFEC9093}.Debug|iPhone.Deploy.0 = Debug|x64
		{F068CC26-0B5F-4FCD-B383-D941AFEC9093}.Debug|iPhoneSimulator.ActiveCfg = Debug|x64
		{F068CC26-0B5F-4FCD-B383-D941AFEC9093}.Debug|iPhoneSimulator.Build.0 = Debug|x64
		{F068CC26-0B5F-4FCD-B383-D941AFEC9093}.Debug|iPhoneSimulator.Deploy.0 = Debug|x64
		{F068CC26-0B5F-4FCD-B383-D941AFEC9093}.Debug|x64.ActiveCfg = Debug|x64
		{F068CC26-0B5F-4FCD-B383-D941AFEC9093}.Debug|x64.Build.0 = Debug|x64
		{F068CC26-0B5F-4FCD-B383-D941AFEC9093}.Debug|x64.Deploy.0 = Debug|x64
		{F068CC26-0B5F-4FCD-B383-D941AFEC9093}.Debug|x86.ActiveCfg = Debug|x86
		{F068CC26-0B5F-4FCD-B383-D941AFEC9093}.Debug|x86.Build.0 = Debug|x86
		{F068CC26-0B5F-4FCD-B383-D941AFEC9093}.Debug|x86.Deploy.0 = Debug|x86
		{F068CC26-0B5F-4FCD-B383-D941AFEC9093}.Release|Any CPU.ActiveCfg = Release|x64
		{F068CC26-0B5F-4FCD-B383-D941AFEC9093}.Release|Any CPU.Build.0 = Release|x64
		{F068CC26-0B5F-4FCD-B383-D941AFEC9093}.Release|Any CPU.Deploy.0 = Release|x64
		{F068CC26-0B5F-4FCD-B383-D941AFEC9093}.Release|ARM.ActiveCfg = Release|ARM
		{F068CC26-0B5F-4FCD-B383-D941AFEC9093}.Release|ARM.Build.0 = Release|ARM
		{F068CC26-0B5F-4FCD-B383-D941AFEC9093}.Release|ARM.Deploy.0 = Release|ARM
		{F068CC26-0B5F-4FCD-B383-D941AFEC9093}.Release|iPhone.ActiveCfg = Release|x64
		{F068CC26-0B5F-4FCD-B383-D941AFEC9093}.Release|iPhone.Build.0 = Release|x64
		{F068CC26-0B5F-4FCD-B383-D941AFEC9093}.Release|iPhone.Deploy.0 = Release|x64
		{F068CC26-0B5F-4FCD-B383-D941AFEC9093}.Release|iPhoneSimulator.ActiveCfg = Release|x64
		{F068CC26-0B5F-4FCD-B383-D941AFEC9093}.Release|iPhoneSimulator.Build.0 = Release|x64
		{F068CC26-0B5F-4FCD-B383-D941AFEC9093}.Release|iPhoneSimulator.Deploy.0 = Release|x64
		{F068CC26-0B5F-4FCD-B383-D941AFEC9093}.Release|x64.ActiveCfg = Release|x64
		{F068CC26-0B5F-4FCD-B383-D941AFEC9093}.Release|x64.Build.0 = Release|x64
		{F068CC26-0B5F-4FCD-B383-D941AFEC9093}.Release|x64.Deploy.0 = Release|x64
		{F068CC26-0B5F-4FCD-B383-D941AFEC9093}.Release|x86.ActiveCfg = Release|x86
		{F068CC26-0B5F-4FCD-B383-D941AFEC9093}.Release|x86.Build.0 = Release|x86
		{F068CC26-0B5F-4FCD-B383-D941AFEC9093}.Release|x86.Deploy.0 = Release|x86
		{C4ACC412-B9BD-41B4-8415-75373AE496E0}.Debug|Any CPU.ActiveCfg = Debug|Any CPU
		{C4ACC412-B9BD-41B4-8415-75373AE496E0}.Debug|Any CPU.Build.0 = Debug|Any CPU
		{C4ACC412-B9BD-41B4-8415-75373AE496E0}.Debug|Any CPU.Deploy.0 = Debug|Any CPU
		{C4ACC412-B9BD-41B4-8415-75373AE496E0}.Debug|ARM.ActiveCfg = Debug|Any CPU
		{C4ACC412-B9BD-41B4-8415-75373AE496E0}.Debug|ARM.Build.0 = Debug|Any CPU
		{C4ACC412-B9BD-41B4-8415-75373AE496E0}.Debug|ARM.Deploy.0 = Debug|Any CPU
		{C4ACC412-B9BD-41B4-8415-75373AE496E0}.Debug|iPhone.ActiveCfg = Debug|Any CPU
		{C4ACC412-B9BD-41B4-8415-75373AE496E0}.Debug|iPhone.Build.0 = Debug|Any CPU
		{C4ACC412-B9BD-41B4-8415-75373AE496E0}.Debug|iPhone.Deploy.0 = Debug|Any CPU
		{C4ACC412-B9BD-41B4-8415-75373AE496E0}.Debug|iPhoneSimulator.ActiveCfg = Debug|Any CPU
		{C4ACC412-B9BD-41B4-8415-75373AE496E0}.Debug|iPhoneSimulator.Build.0 = Debug|Any CPU
		{C4ACC412-B9BD-41B4-8415-75373AE496E0}.Debug|iPhoneSimulator.Deploy.0 = Debug|Any CPU
		{C4ACC412-B9BD-41B4-8415-75373AE496E0}.Debug|x64.ActiveCfg = Debug|Any CPU
		{C4ACC412-B9BD-41B4-8415-75373AE496E0}.Debug|x64.Build.0 = Debug|Any CPU
		{C4ACC412-B9BD-41B4-8415-75373AE496E0}.Debug|x64.Deploy.0 = Debug|Any CPU
		{C4ACC412-B9BD-41B4-8415-75373AE496E0}.Debug|x86.ActiveCfg = Debug|Any CPU
		{C4ACC412-B9BD-41B4-8415-75373AE496E0}.Debug|x86.Build.0 = Debug|Any CPU
		{C4ACC412-B9BD-41B4-8415-75373AE496E0}.Debug|x86.Deploy.0 = Debug|Any CPU
		{C4ACC412-B9BD-41B4-8415-75373AE496E0}.Release|Any CPU.ActiveCfg = Release|Any CPU
		{C4ACC412-B9BD-41B4-8415-75373AE496E0}.Release|Any CPU.Build.0 = Release|Any CPU
		{C4ACC412-B9BD-41B4-8415-75373AE496E0}.Release|Any CPU.Deploy.0 = Release|Any CPU
		{C4ACC412-B9BD-41B4-8415-75373AE496E0}.Release|ARM.ActiveCfg = Release|Any CPU
		{C4ACC412-B9BD-41B4-8415-75373AE496E0}.Release|ARM.Build.0 = Release|Any CPU
		{C4ACC412-B9BD-41B4-8415-75373AE496E0}.Release|ARM.Deploy.0 = Release|Any CPU
		{C4ACC412-B9BD-41B4-8415-75373AE496E0}.Release|iPhone.ActiveCfg = Release|Any CPU
		{C4ACC412-B9BD-41B4-8415-75373AE496E0}.Release|iPhone.Build.0 = Release|Any CPU
		{C4ACC412-B9BD-41B4-8415-75373AE496E0}.Release|iPhone.Deploy.0 = Release|Any CPU
		{C4ACC412-B9BD-41B4-8415-75373AE496E0}.Release|iPhoneSimulator.ActiveCfg = Release|Any CPU
		{C4ACC412-B9BD-41B4-8415-75373AE496E0}.Release|iPhoneSimulator.Build.0 = Release|Any CPU
		{C4ACC412-B9BD-41B4-8415-75373AE496E0}.Release|iPhoneSimulator.Deploy.0 = Release|Any CPU
		{C4ACC412-B9BD-41B4-8415-75373AE496E0}.Release|x64.ActiveCfg = Release|Any CPU
		{C4ACC412-B9BD-41B4-8415-75373AE496E0}.Release|x64.Build.0 = Release|Any CPU
		{C4ACC412-B9BD-41B4-8415-75373AE496E0}.Release|x64.Deploy.0 = Release|Any CPU
		{C4ACC412-B9BD-41B4-8415-75373AE496E0}.Release|x86.ActiveCfg = Release|Any CPU
		{C4ACC412-B9BD-41B4-8415-75373AE496E0}.Release|x86.Build.0 = Release|Any CPU
		{C4ACC412-B9BD-41B4-8415-75373AE496E0}.Release|x86.Deploy.0 = Release|Any CPU
		{62E16B4A-029F-4716-AE40-54E89DE3BE9A}.Debug|Any CPU.ActiveCfg = Debug|iPhoneSimulator
		{62E16B4A-029F-4716-AE40-54E89DE3BE9A}.Debug|Any CPU.Build.0 = Debug|iPhoneSimulator
		{62E16B4A-029F-4716-AE40-54E89DE3BE9A}.Debug|Any CPU.Deploy.0 = Debug|iPhoneSimulator
		{62E16B4A-029F-4716-AE40-54E89DE3BE9A}.Debug|ARM.ActiveCfg = Debug|iPhoneSimulator
		{62E16B4A-029F-4716-AE40-54E89DE3BE9A}.Debug|ARM.Build.0 = Debug|iPhoneSimulator
		{62E16B4A-029F-4716-AE40-54E89DE3BE9A}.Debug|ARM.Deploy.0 = Debug|iPhoneSimulator
		{62E16B4A-029F-4716-AE40-54E89DE3BE9A}.Debug|iPhone.ActiveCfg = Debug|iPhone
		{62E16B4A-029F-4716-AE40-54E89DE3BE9A}.Debug|iPhone.Build.0 = Debug|iPhone
		{62E16B4A-029F-4716-AE40-54E89DE3BE9A}.Debug|iPhone.Deploy.0 = Debug|iPhone
		{62E16B4A-029F-4716-AE40-54E89DE3BE9A}.Debug|iPhoneSimulator.ActiveCfg = Debug|iPhoneSimulator
		{62E16B4A-029F-4716-AE40-54E89DE3BE9A}.Debug|iPhoneSimulator.Build.0 = Debug|iPhoneSimulator
		{62E16B4A-029F-4716-AE40-54E89DE3BE9A}.Debug|iPhoneSimulator.Deploy.0 = Debug|iPhoneSimulator
		{62E16B4A-029F-4716-AE40-54E89DE3BE9A}.Debug|x64.ActiveCfg = Debug|iPhone
		{62E16B4A-029F-4716-AE40-54E89DE3BE9A}.Debug|x64.Build.0 = Debug|iPhone
		{62E16B4A-029F-4716-AE40-54E89DE3BE9A}.Debug|x64.Deploy.0 = Debug|iPhone
		{62E16B4A-029F-4716-AE40-54E89DE3BE9A}.Debug|x86.ActiveCfg = Debug|iPhoneSimulator
		{62E16B4A-029F-4716-AE40-54E89DE3BE9A}.Debug|x86.Build.0 = Debug|iPhoneSimulator
		{62E16B4A-029F-4716-AE40-54E89DE3BE9A}.Debug|x86.Deploy.0 = Debug|iPhoneSimulator
		{62E16B4A-029F-4716-AE40-54E89DE3BE9A}.Release|Any CPU.ActiveCfg = Release|iPhoneSimulator
		{62E16B4A-029F-4716-AE40-54E89DE3BE9A}.Release|Any CPU.Build.0 = Release|iPhoneSimulator
		{62E16B4A-029F-4716-AE40-54E89DE3BE9A}.Release|Any CPU.Deploy.0 = Release|iPhoneSimulator
		{62E16B4A-029F-4716-AE40-54E89DE3BE9A}.Release|ARM.ActiveCfg = Release|iPhoneSimulator
		{62E16B4A-029F-4716-AE40-54E89DE3BE9A}.Release|ARM.Build.0 = Release|iPhoneSimulator
		{62E16B4A-029F-4716-AE40-54E89DE3BE9A}.Release|ARM.Deploy.0 = Release|iPhoneSimulator
		{62E16B4A-029F-4716-AE40-54E89DE3BE9A}.Release|iPhone.ActiveCfg = Release|iPhone
		{62E16B4A-029F-4716-AE40-54E89DE3BE9A}.Release|iPhone.Build.0 = Release|iPhone
		{62E16B4A-029F-4716-AE40-54E89DE3BE9A}.Release|iPhone.Deploy.0 = Release|iPhone
		{62E16B4A-029F-4716-AE40-54E89DE3BE9A}.Release|iPhoneSimulator.ActiveCfg = Release|iPhoneSimulator
		{62E16B4A-029F-4716-AE40-54E89DE3BE9A}.Release|iPhoneSimulator.Build.0 = Release|iPhoneSimulator
		{62E16B4A-029F-4716-AE40-54E89DE3BE9A}.Release|iPhoneSimulator.Deploy.0 = Release|iPhoneSimulator
		{62E16B4A-029F-4716-AE40-54E89DE3BE9A}.Release|x64.ActiveCfg = Release|iPhoneSimulator
		{62E16B4A-029F-4716-AE40-54E89DE3BE9A}.Release|x64.Build.0 = Release|iPhoneSimulator
		{62E16B4A-029F-4716-AE40-54E89DE3BE9A}.Release|x64.Deploy.0 = Release|iPhoneSimulator
		{62E16B4A-029F-4716-AE40-54E89DE3BE9A}.Release|x86.ActiveCfg = Release|iPhoneSimulator
		{62E16B4A-029F-4716-AE40-54E89DE3BE9A}.Release|x86.Build.0 = Release|iPhoneSimulator
		{62E16B4A-029F-4716-AE40-54E89DE3BE9A}.Release|x86.Deploy.0 = Release|iPhoneSimulator
		{194C3085-0A62-4626-B9CD-513C403CC627}.Debug|Any CPU.ActiveCfg = Debug|Any CPU
		{194C3085-0A62-4626-B9CD-513C403CC627}.Debug|Any CPU.Build.0 = Debug|Any CPU
		{194C3085-0A62-4626-B9CD-513C403CC627}.Debug|Any CPU.Deploy.0 = Debug|Any CPU
		{194C3085-0A62-4626-B9CD-513C403CC627}.Debug|ARM.ActiveCfg = Debug|Any CPU
		{194C3085-0A62-4626-B9CD-513C403CC627}.Debug|ARM.Build.0 = Debug|Any CPU
		{194C3085-0A62-4626-B9CD-513C403CC627}.Debug|ARM.Deploy.0 = Debug|Any CPU
		{194C3085-0A62-4626-B9CD-513C403CC627}.Debug|iPhone.ActiveCfg = Debug|Any CPU
		{194C3085-0A62-4626-B9CD-513C403CC627}.Debug|iPhone.Build.0 = Debug|Any CPU
		{194C3085-0A62-4626-B9CD-513C403CC627}.Debug|iPhone.Deploy.0 = Debug|Any CPU
		{194C3085-0A62-4626-B9CD-513C403CC627}.Debug|iPhoneSimulator.ActiveCfg = Debug|Any CPU
		{194C3085-0A62-4626-B9CD-513C403CC627}.Debug|iPhoneSimulator.Build.0 = Debug|Any CPU
		{194C3085-0A62-4626-B9CD-513C403CC627}.Debug|iPhoneSimulator.Deploy.0 = Debug|Any CPU
		{194C3085-0A62-4626-B9CD-513C403CC627}.Debug|x64.ActiveCfg = Debug|Any CPU
		{194C3085-0A62-4626-B9CD-513C403CC627}.Debug|x64.Build.0 = Debug|Any CPU
		{194C3085-0A62-4626-B9CD-513C403CC627}.Debug|x64.Deploy.0 = Debug|Any CPU
		{194C3085-0A62-4626-B9CD-513C403CC627}.Debug|x86.ActiveCfg = Debug|Any CPU
		{194C3085-0A62-4626-B9CD-513C403CC627}.Debug|x86.Build.0 = Debug|Any CPU
		{194C3085-0A62-4626-B9CD-513C403CC627}.Debug|x86.Deploy.0 = Debug|Any CPU
		{194C3085-0A62-4626-B9CD-513C403CC627}.Release|Any CPU.ActiveCfg = Release|Any CPU
		{194C3085-0A62-4626-B9CD-513C403CC627}.Release|Any CPU.Build.0 = Release|Any CPU
		{194C3085-0A62-4626-B9CD-513C403CC627}.Release|Any CPU.Deploy.0 = Release|Any CPU
		{194C3085-0A62-4626-B9CD-513C403CC627}.Release|ARM.ActiveCfg = Release|Any CPU
		{194C3085-0A62-4626-B9CD-513C403CC627}.Release|ARM.Build.0 = Release|Any CPU
		{194C3085-0A62-4626-B9CD-513C403CC627}.Release|ARM.Deploy.0 = Release|Any CPU
		{194C3085-0A62-4626-B9CD-513C403CC627}.Release|iPhone.ActiveCfg = Release|Any CPU
		{194C3085-0A62-4626-B9CD-513C403CC627}.Release|iPhone.Build.0 = Release|Any CPU
		{194C3085-0A62-4626-B9CD-513C403CC627}.Release|iPhone.Deploy.0 = Release|Any CPU
		{194C3085-0A62-4626-B9CD-513C403CC627}.Release|iPhoneSimulator.ActiveCfg = Release|Any CPU
		{194C3085-0A62-4626-B9CD-513C403CC627}.Release|iPhoneSimulator.Build.0 = Release|Any CPU
		{194C3085-0A62-4626-B9CD-513C403CC627}.Release|iPhoneSimulator.Deploy.0 = Release|Any CPU
		{194C3085-0A62-4626-B9CD-513C403CC627}.Release|x64.ActiveCfg = Release|Any CPU
		{194C3085-0A62-4626-B9CD-513C403CC627}.Release|x64.Build.0 = Release|Any CPU
		{194C3085-0A62-4626-B9CD-513C403CC627}.Release|x64.Deploy.0 = Release|Any CPU
		{194C3085-0A62-4626-B9CD-513C403CC627}.Release|x86.ActiveCfg = Release|Any CPU
		{194C3085-0A62-4626-B9CD-513C403CC627}.Release|x86.Build.0 = Release|Any CPU
		{194C3085-0A62-4626-B9CD-513C403CC627}.Release|x86.Deploy.0 = Release|Any CPU
	EndGlobalSection
	GlobalSection(SolutionProperties) = preSolution
		HideSolutionNode = FALSE
	EndGlobalSection
	GlobalSection(ExtensibilityGlobals) = postSolution
		SolutionGuid = {938EF4DF-E6D1-495A-969E-4A24D4127CD0}
	EndGlobalSection
EndGlobal
